// !$*UTF8*$!
{
	archiveVersion = 1;
	classes = {
	};
	objectVersion = 46;
	objects = {

/* Begin PBXBuildFile section */
		180522C91716EE3900D64217 /* ZhwxBaseViewController.m in Sources */ = {isa = PBXBuildFile; fileRef = 180522C81716EE3900D64217 /* ZhwxBaseViewController.m */; };
		180522CC1716EE5C00D64217 /* ZhwxBaseNavCotroller.m in Sources */ = {isa = PBXBuildFile; fileRef = 180522CB1716EE5C00D64217 /* ZhwxBaseNavCotroller.m */; };
		180522D41716F3E800D64217 /* EGORefreshTableFootView.m in Sources */ = {isa = PBXBuildFile; fileRef = 180522D01716F3E800D64217 /* EGORefreshTableFootView.m */; };
		180522D51716F3E800D64217 /* EGORefreshTableHeaderView.m in Sources */ = {isa = PBXBuildFile; fileRef = 180522D31716F3E800D64217 /* EGORefreshTableHeaderView.m */; };
		180522D81716F4EE00D64217 /* blueArrow.png in Resources */ = {isa = PBXBuildFile; fileRef = 180522D61716F4EE00D64217 /* blueArrow.png */; };
		180522D91716F4EE00D64217 /* blueArrow@2x.png in Resources */ = {isa = PBXBuildFile; fileRef = 180522D71716F4EE00D64217 /* blueArrow@2x.png */; };
		180522DD1716F9B600D64217 /* Default-568h@2x.png in Resources */ = {isa = PBXBuildFile; fileRef = 180522DA1716F9B600D64217 /* Default-568h@2x.png */; };
		180522DE1716F9B600D64217 /* Default.png in Resources */ = {isa = PBXBuildFile; fileRef = 180522DB1716F9B600D64217 /* Default.png */; };
		180522DF1716F9B600D64217 /* Default@2x.png in Resources */ = {isa = PBXBuildFile; fileRef = 180522DC1716F9B600D64217 /* Default@2x.png */; };
		180522F71716FE8000D64217 /* CurledViewBase.m in Sources */ = {isa = PBXBuildFile; fileRef = 180522E21716FE8000D64217 /* CurledViewBase.m */; };
		180522F81716FE8000D64217 /* UIButton+Curled.m in Sources */ = {isa = PBXBuildFile; fileRef = 180522E41716FE8000D64217 /* UIButton+Curled.m */; };
		180522F91716FE8000D64217 /* UIImageView+Curled.m in Sources */ = {isa = PBXBuildFile; fileRef = 180522E61716FE8000D64217 /* UIImageView+Curled.m */; };
		180522FA1716FE8000D64217 /* ASIAuthenticationDialog.m in Sources */ = {isa = PBXBuildFile; fileRef = 180522E91716FE8000D64217 /* ASIAuthenticationDialog.m */; };
		180522FB1716FE8000D64217 /* ASIFormDataRequest.m in Sources */ = {isa = PBXBuildFile; fileRef = 180522EB1716FE8000D64217 /* ASIFormDataRequest.m */; };
		180522FC1716FE8000D64217 /* ASIHTTPRequest.m in Sources */ = {isa = PBXBuildFile; fileRef = 180522ED1716FE8000D64217 /* ASIHTTPRequest.m */; };
		180522FD1716FE8000D64217 /* ASIInputStream.m in Sources */ = {isa = PBXBuildFile; fileRef = 180522F01716FE8000D64217 /* ASIInputStream.m */; };
		180522FE1716FE8000D64217 /* ASINetworkQueue.m in Sources */ = {isa = PBXBuildFile; fileRef = 180522F21716FE8000D64217 /* ASINetworkQueue.m */; };
		180522FF1716FE8000D64217 /* ASINSStringAdditions.m in Sources */ = {isa = PBXBuildFile; fileRef = 180522F41716FE8000D64217 /* ASINSStringAdditions.m */; };
		180523001716FE8000D64217 /* Reachability.m in Sources */ = {isa = PBXBuildFile; fileRef = 180522F61716FE8000D64217 /* Reachability.m */; };
		1805232F1717003B00D64217 /* BaseLayer.m in Sources */ = {isa = PBXBuildFile; fileRef = 180523071717003B00D64217 /* BaseLayer.m */; };
		180523321717003B00D64217 /* BaseView.m in Sources */ = {isa = PBXBuildFile; fileRef = 1805230D1717003B00D64217 /* BaseView.m */; };
		180523331717003B00D64217 /* BubbleView.m in Sources */ = {isa = PBXBuildFile; fileRef = 1805230F1717003B00D64217 /* BubbleView.m */; };
		180523341717003B00D64217 /* ButtonView.m in Sources */ = {isa = PBXBuildFile; fileRef = 180523111717003B00D64217 /* ButtonView.m */; };
		180523351717003B00D64217 /* CornerRadiusView.m in Sources */ = {isa = PBXBuildFile; fileRef = 180523131717003B00D64217 /* CornerRadiusView.m */; };
		180523371717003B00D64217 /* CustomTabBar.m in Sources */ = {isa = PBXBuildFile; fileRef = 180523171717003B00D64217 /* CustomTabBar.m */; };
		180523381717003B00D64217 /* ImageView.m in Sources */ = {isa = PBXBuildFile; fileRef = 180523191717003B00D64217 /* ImageView.m */; };
		180523391717003B00D64217 /* LableView.m in Sources */ = {isa = PBXBuildFile; fileRef = 1805231B1717003B00D64217 /* LableView.m */; };
		1805233A1717003B00D64217 /* LayerView.m in Sources */ = {isa = PBXBuildFile; fileRef = 1805231D1717003B00D64217 /* LayerView.m */; };
		1805233B1717003B00D64217 /* ScrollView.m in Sources */ = {isa = PBXBuildFile; fileRef = 1805231F1717003B00D64217 /* ScrollView.m */; };
		1805233E1717003B00D64217 /* DeviceDetection.m in Sources */ = {isa = PBXBuildFile; fileRef = 180523261717003B00D64217 /* DeviceDetection.m */; };
		1805233F1717003B00D64217 /* Global.m in Sources */ = {isa = PBXBuildFile; fileRef = 180523281717003B00D64217 /* Global.m */; };
		180523401717003B00D64217 /* UIDeviceHelp.m in Sources */ = {isa = PBXBuildFile; fileRef = 1805232A1717003B00D64217 /* UIDeviceHelp.m */; };
		180523411717003B00D64217 /* UIUtils.m in Sources */ = {isa = PBXBuildFile; fileRef = 1805232C1717003B00D64217 /* UIUtils.m */; };
		180523471717009C00D64217 /* IconDownloader.m in Sources */ = {isa = PBXBuildFile; fileRef = 180523441717009C00D64217 /* IconDownloader.m */; };
		180523481717009C00D64217 /* UploadData.m in Sources */ = {isa = PBXBuildFile; fileRef = 180523461717009C00D64217 /* UploadData.m */; };
		180523641717059700D64217 /* NSObject+SBJson.m in Sources */ = {isa = PBXBuildFile; fileRef = 1805234C1717059700D64217 /* NSObject+SBJson.m */; };
		180523651717059700D64217 /* SBJsonParser.m in Sources */ = {isa = PBXBuildFile; fileRef = 1805234F1717059700D64217 /* SBJsonParser.m */; };
		180523661717059700D64217 /* SBJsonStreamParser.m in Sources */ = {isa = PBXBuildFile; fileRef = 180523511717059700D64217 /* SBJsonStreamParser.m */; };
		180523671717059700D64217 /* SBJsonStreamParserAccumulator.m in Sources */ = {isa = PBXBuildFile; fileRef = 180523531717059700D64217 /* SBJsonStreamParserAccumulator.m */; };
		180523681717059700D64217 /* SBJsonStreamParserAdapter.m in Sources */ = {isa = PBXBuildFile; fileRef = 180523551717059700D64217 /* SBJsonStreamParserAdapter.m */; };
		180523691717059700D64217 /* SBJsonStreamParserState.m in Sources */ = {isa = PBXBuildFile; fileRef = 180523571717059700D64217 /* SBJsonStreamParserState.m */; };
		1805236A1717059700D64217 /* SBJsonStreamWriter.m in Sources */ = {isa = PBXBuildFile; fileRef = 180523591717059700D64217 /* SBJsonStreamWriter.m */; };
		1805236B1717059700D64217 /* SBJsonStreamWriterAccumulator.m in Sources */ = {isa = PBXBuildFile; fileRef = 1805235B1717059700D64217 /* SBJsonStreamWriterAccumulator.m */; };
		1805236C1717059700D64217 /* SBJsonStreamWriterState.m in Sources */ = {isa = PBXBuildFile; fileRef = 1805235D1717059700D64217 /* SBJsonStreamWriterState.m */; };
		1805236D1717059700D64217 /* SBJsonTokeniser.m in Sources */ = {isa = PBXBuildFile; fileRef = 1805235F1717059700D64217 /* SBJsonTokeniser.m */; };
		1805236E1717059700D64217 /* SBJsonUTF8Stream.m in Sources */ = {isa = PBXBuildFile; fileRef = 180523611717059700D64217 /* SBJsonUTF8Stream.m */; };
		1805236F1717059700D64217 /* SBJsonWriter.m in Sources */ = {isa = PBXBuildFile; fileRef = 180523631717059700D64217 /* SBJsonWriter.m */; };
		180523711717065C00D64217 /* CFNetwork.framework in Frameworks */ = {isa = PBXBuildFile; fileRef = 180523701717065B00D64217 /* CFNetwork.framework */; };
		180523731717067C00D64217 /* MessageUI.framework in Frameworks */ = {isa = PBXBuildFile; fileRef = 180523721717067C00D64217 /* MessageUI.framework */; };
		180523751717069900D64217 /* SystemConfiguration.framework in Frameworks */ = {isa = PBXBuildFile; fileRef = 180523741717069900D64217 /* SystemConfiguration.framework */; };
		18052377171706E200D64217 /* libz.1.1.3.dylib in Frameworks */ = {isa = PBXBuildFile; fileRef = 18052376171706E200D64217 /* libz.1.1.3.dylib */; };
		1805237A17170FAB00D64217 /* ZhwxTableView.m in Sources */ = {isa = PBXBuildFile; fileRef = 1805237917170FAB00D64217 /* ZhwxTableView.m */; };
		181162FF1708622E00CD07B1 /* QuartzCore.framework in Frameworks */ = {isa = PBXBuildFile; fileRef = 181162FE1708622E00CD07B1 /* QuartzCore.framework */; };
		1893E734170711A300E52CCC /* UIKit.framework in Frameworks */ = {isa = PBXBuildFile; fileRef = 1893E733170711A300E52CCC /* UIKit.framework */; };
		1893E736170711A300E52CCC /* Foundation.framework in Frameworks */ = {isa = PBXBuildFile; fileRef = 1893E735170711A300E52CCC /* Foundation.framework */; };
		1893E738170711A300E52CCC /* CoreGraphics.framework in Frameworks */ = {isa = PBXBuildFile; fileRef = 1893E737170711A300E52CCC /* CoreGraphics.framework */; };
		1893E73E170711A300E52CCC /* InfoPlist.strings in Resources */ = {isa = PBXBuildFile; fileRef = 1893E73C170711A300E52CCC /* InfoPlist.strings */; };
		1893E740170711A300E52CCC /* main.m in Sources */ = {isa = PBXBuildFile; fileRef = 1893E73F170711A300E52CCC /* main.m */; };
		1893E744170711A300E52CCC /* AppDelegate.m in Sources */ = {isa = PBXBuildFile; fileRef = 1893E743170711A300E52CCC /* AppDelegate.m */; };
		1893E74D170711A300E52CCC /* FirstViewController.m in Sources */ = {isa = PBXBuildFile; fileRef = 1893E74C170711A300E52CCC /* FirstViewController.m */; };
		1893E754170711A300E52CCC /* SecondViewController.m in Sources */ = {isa = PBXBuildFile; fileRef = 1893E753170711A300E52CCC /* SecondViewController.m */; };
		1893E75B170711A300E52CCC /* FirstViewController.xib in Resources */ = {isa = PBXBuildFile; fileRef = 1893E759170711A300E52CCC /* FirstViewController.xib */; };
		1893E75E170711A300E52CCC /* SecondViewController.xib in Resources */ = {isa = PBXBuildFile; fileRef = 1893E75C170711A300E52CCC /* SecondViewController.xib */; };
		1893E76C17071CD200E52CCC /* LiPinViewController.m in Sources */ = {isa = PBXBuildFile; fileRef = 1893E76A17071CD200E52CCC /* LiPinViewController.m */; };
		1893E76D17071CD200E52CCC /* LiPinViewController.xib in Resources */ = {isa = PBXBuildFile; fileRef = 1893E76B17071CD200E52CCC /* LiPinViewController.xib */; };
		1893E77117071D0D00E52CCC /* QinDaoViewController.m in Sources */ = {isa = PBXBuildFile; fileRef = 1893E76F17071D0D00E52CCC /* QinDaoViewController.m */; };
		1893E77217071D0D00E52CCC /* QinDaoViewController.xib in Resources */ = {isa = PBXBuildFile; fileRef = 1893E77017071D0D00E52CCC /* QinDaoViewController.xib */; };
		1893E77617071D2200E52CCC /* ShangJiaViewController.m in Sources */ = {isa = PBXBuildFile; fileRef = 1893E77417071D2200E52CCC /* ShangJiaViewController.m */; };
		1893E77717071D2200E52CCC /* ShangJiaViewController.xib in Resources */ = {isa = PBXBuildFile; fileRef = 1893E77517071D2200E52CCC /* ShangJiaViewController.xib */; };
		1893E77B17071D3B00E52CCC /* SheZhiViewController.m in Sources */ = {isa = PBXBuildFile; fileRef = 1893E77917071D3B00E52CCC /* SheZhiViewController.m */; };
		1893E77C17071D3B00E52CCC /* SheZhiViewController.xib in Resources */ = {isa = PBXBuildFile; fileRef = 1893E77A17071D3B00E52CCC /* SheZhiViewController.xib */; };
		1893E78817071FE800E52CCC /* first.png in Resources */ = {isa = PBXBuildFile; fileRef = 1893E77F17071FE800E52CCC /* first.png */; };
		1893E78917071FE800E52CCC /* first@2x.png in Resources */ = {isa = PBXBuildFile; fileRef = 1893E78017071FE800E52CCC /* first@2x.png */; };
		1893E78A17071FE800E52CCC /* four.png in Resources */ = {isa = PBXBuildFile; fileRef = 1893E78117071FE800E52CCC /* four.png */; };
		1893E78B17071FE800E52CCC /* four@2x.png in Resources */ = {isa = PBXBuildFile; fileRef = 1893E78217071FE800E52CCC /* four@2x.png */; };
		1893E78C17071FE800E52CCC /* second.png in Resources */ = {isa = PBXBuildFile; fileRef = 1893E78317071FE800E52CCC /* second.png */; };
		1893E78D17071FE800E52CCC /* second@2x.png in Resources */ = {isa = PBXBuildFile; fileRef = 1893E78417071FE800E52CCC /* second@2x.png */; };
		1893E78E17071FE800E52CCC /* third.png in Resources */ = {isa = PBXBuildFile; fileRef = 1893E78517071FE800E52CCC /* third.png */; };
		1893E78F17071FE800E52CCC /* third@2x.png in Resources */ = {isa = PBXBuildFile; fileRef = 1893E78617071FE800E52CCC /* third@2x.png */; };
		1893E7941707225F00E52CCC /* LoginViewController.m in Sources */ = {isa = PBXBuildFile; fileRef = 1893E7921707225F00E52CCC /* LoginViewController.m */; };
		1893E7951707225F00E52CCC /* LoginViewController.xib in Resources */ = {isa = PBXBuildFile; fileRef = 1893E7931707225F00E52CCC /* LoginViewController.xib */; };
/* End PBXBuildFile section */

/* Begin PBXFileReference section */
		180522C71716EE3900D64217 /* ZhwxBaseViewController.h */ = {isa = PBXFileReference; fileEncoding = 4; lastKnownFileType = sourcecode.c.h; path = ZhwxBaseViewController.h; sourceTree = "<group>"; };
		180522C81716EE3900D64217 /* ZhwxBaseViewController.m */ = {isa = PBXFileReference; fileEncoding = 4; lastKnownFileType = sourcecode.c.objc; path = ZhwxBaseViewController.m; sourceTree = "<group>"; };
		180522CA1716EE5C00D64217 /* ZhwxBaseNavCotroller.h */ = {isa = PBXFileReference; fileEncoding = 4; lastKnownFileType = sourcecode.c.h; path = ZhwxBaseNavCotroller.h; sourceTree = "<group>"; };
		180522CB1716EE5C00D64217 /* ZhwxBaseNavCotroller.m */ = {isa = PBXFileReference; fileEncoding = 4; lastKnownFileType = sourcecode.c.objc; path = ZhwxBaseNavCotroller.m; sourceTree = "<group>"; };
		180522CF1716F3E800D64217 /* EGORefreshTableFootView.h */ = {isa = PBXFileReference; fileEncoding = 4; lastKnownFileType = sourcecode.c.h; path = EGORefreshTableFootView.h; sourceTree = "<group>"; };
		180522D01716F3E800D64217 /* EGORefreshTableFootView.m */ = {isa = PBXFileReference; fileEncoding = 4; lastKnownFileType = sourcecode.c.objc; path = EGORefreshTableFootView.m; sourceTree = "<group>"; };
		180522D21716F3E800D64217 /* EGORefreshTableHeaderView.h */ = {isa = PBXFileReference; fileEncoding = 4; lastKnownFileType = sourcecode.c.h; path = EGORefreshTableHeaderView.h; sourceTree = "<group>"; };
		180522D31716F3E800D64217 /* EGORefreshTableHeaderView.m */ = {isa = PBXFileReference; fileEncoding = 4; lastKnownFileType = sourcecode.c.objc; path = EGORefreshTableHeaderView.m; sourceTree = "<group>"; };
		180522D61716F4EE00D64217 /* blueArrow.png */ = {isa = PBXFileReference; lastKnownFileType = image.png; name = blueArrow.png; path = "开源控件/RefreshTableHeaderView/blueArrow.png"; sourceTree = SOURCE_ROOT; };
		180522D71716F4EE00D64217 /* blueArrow@2x.png */ = {isa = PBXFileReference; lastKnownFileType = image.png; name = "blueArrow@2x.png"; path = "开源控件/RefreshTableHeaderView/blueArrow@2x.png"; sourceTree = SOURCE_ROOT; };
		180522DA1716F9B600D64217 /* Default-568h@2x.png */ = {isa = PBXFileReference; lastKnownFileType = image.png; path = "Default-568h@2x.png"; sourceTree = "<group>"; };
		180522DB1716F9B600D64217 /* Default.png */ = {isa = PBXFileReference; lastKnownFileType = image.png; path = Default.png; sourceTree = "<group>"; };
		180522DC1716F9B600D64217 /* Default@2x.png */ = {isa = PBXFileReference; lastKnownFileType = image.png; path = "Default@2x.png"; sourceTree = "<group>"; };
		180522E11716FE8000D64217 /* CurledViewBase.h */ = {isa = PBXFileReference; fileEncoding = 4; lastKnownFileType = sourcecode.c.h; path = CurledViewBase.h; sourceTree = "<group>"; };
		180522E21716FE8000D64217 /* CurledViewBase.m */ = {isa = PBXFileReference; fileEncoding = 4; lastKnownFileType = sourcecode.c.objc; path = CurledViewBase.m; sourceTree = "<group>"; };
		180522E31716FE8000D64217 /* UIButton+Curled.h */ = {isa = PBXFileReference; fileEncoding = 4; lastKnownFileType = sourcecode.c.h; path = "UIButton+Curled.h"; sourceTree = "<group>"; };
		180522E41716FE8000D64217 /* UIButton+Curled.m */ = {isa = PBXFileReference; fileEncoding = 4; lastKnownFileType = sourcecode.c.objc; path = "UIButton+Curled.m"; sourceTree = "<group>"; };
		180522E51716FE8000D64217 /* UIImageView+Curled.h */ = {isa = PBXFileReference; fileEncoding = 4; lastKnownFileType = sourcecode.c.h; path = "UIImageView+Curled.h"; sourceTree = "<group>"; };
		180522E61716FE8000D64217 /* UIImageView+Curled.m */ = {isa = PBXFileReference; fileEncoding = 4; lastKnownFileType = sourcecode.c.objc; path = "UIImageView+Curled.m"; sourceTree = "<group>"; };
		180522E81716FE8000D64217 /* ASIAuthenticationDialog.h */ = {isa = PBXFileReference; fileEncoding = 4; lastKnownFileType = sourcecode.c.h; path = ASIAuthenticationDialog.h; sourceTree = "<group>"; };
		180522E91716FE8000D64217 /* ASIAuthenticationDialog.m */ = {isa = PBXFileReference; fileEncoding = 4; lastKnownFileType = sourcecode.c.objc; path = ASIAuthenticationDialog.m; sourceTree = "<group>"; };
		180522EA1716FE8000D64217 /* ASIFormDataRequest.h */ = {isa = PBXFileReference; fileEncoding = 4; lastKnownFileType = sourcecode.c.h; path = ASIFormDataRequest.h; sourceTree = "<group>"; };
		180522EB1716FE8000D64217 /* ASIFormDataRequest.m */ = {isa = PBXFileReference; fileEncoding = 4; lastKnownFileType = sourcecode.c.objc; path = ASIFormDataRequest.m; sourceTree = "<group>"; };
		180522EC1716FE8000D64217 /* ASIHTTPRequest.h */ = {isa = PBXFileReference; fileEncoding = 4; lastKnownFileType = sourcecode.c.h; path = ASIHTTPRequest.h; sourceTree = "<group>"; };
		180522ED1716FE8000D64217 /* ASIHTTPRequest.m */ = {isa = PBXFileReference; fileEncoding = 4; lastKnownFileType = sourcecode.c.objc; path = ASIHTTPRequest.m; sourceTree = "<group>"; };
		180522EE1716FE8000D64217 /* ASIHTTPRequestConfig.h */ = {isa = PBXFileReference; fileEncoding = 4; lastKnownFileType = sourcecode.c.h; path = ASIHTTPRequestConfig.h; sourceTree = "<group>"; };
		180522EF1716FE8000D64217 /* ASIInputStream.h */ = {isa = PBXFileReference; fileEncoding = 4; lastKnownFileType = sourcecode.c.h; path = ASIInputStream.h; sourceTree = "<group>"; };
		180522F01716FE8000D64217 /* ASIInputStream.m */ = {isa = PBXFileReference; fileEncoding = 4; lastKnownFileType = sourcecode.c.objc; path = ASIInputStream.m; sourceTree = "<group>"; };
		180522F11716FE8000D64217 /* ASINetworkQueue.h */ = {isa = PBXFileReference; fileEncoding = 4; lastKnownFileType = sourcecode.c.h; path = ASINetworkQueue.h; sourceTree = "<group>"; };
		180522F21716FE8000D64217 /* ASINetworkQueue.m */ = {isa = PBXFileReference; fileEncoding = 4; lastKnownFileType = sourcecode.c.objc; path = ASINetworkQueue.m; sourceTree = "<group>"; };
		180522F31716FE8000D64217 /* ASINSStringAdditions.h */ = {isa = PBXFileReference; fileEncoding = 4; lastKnownFileType = sourcecode.c.h; path = ASINSStringAdditions.h; sourceTree = "<group>"; };
		180522F41716FE8000D64217 /* ASINSStringAdditions.m */ = {isa = PBXFileReference; fileEncoding = 4; lastKnownFileType = sourcecode.c.objc; path = ASINSStringAdditions.m; sourceTree = "<group>"; };
		180522F51716FE8000D64217 /* Reachability.h */ = {isa = PBXFileReference; fileEncoding = 4; lastKnownFileType = sourcecode.c.h; path = Reachability.h; sourceTree = "<group>"; };
		180522F61716FE8000D64217 /* Reachability.m */ = {isa = PBXFileReference; fileEncoding = 4; lastKnownFileType = sourcecode.c.objc; path = Reachability.m; sourceTree = "<group>"; };
		180523061717003B00D64217 /* BaseLayer.h */ = {isa = PBXFileReference; fileEncoding = 4; lastKnownFileType = sourcecode.c.h; path = BaseLayer.h; sourceTree = "<group>"; };
		180523071717003B00D64217 /* BaseLayer.m */ = {isa = PBXFileReference; fileEncoding = 4; lastKnownFileType = sourcecode.c.objc; path = BaseLayer.m; sourceTree = "<group>"; };
		1805230C1717003B00D64217 /* BaseView.h */ = {isa = PBXFileReference; fileEncoding = 4; lastKnownFileType = sourcecode.c.h; path = BaseView.h; sourceTree = "<group>"; };
		1805230D1717003B00D64217 /* BaseView.m */ = {isa = PBXFileReference; fileEncoding = 4; lastKnownFileType = sourcecode.c.objc; path = BaseView.m; sourceTree = "<group>"; };
		1805230E1717003B00D64217 /* BubbleView.h */ = {isa = PBXFileReference; fileEncoding = 4; lastKnownFileType = sourcecode.c.h; path = BubbleView.h; sourceTree = "<group>"; };
		1805230F1717003B00D64217 /* BubbleView.m */ = {isa = PBXFileReference; fileEncoding = 4; lastKnownFileType = sourcecode.c.objc; path = BubbleView.m; sourceTree = "<group>"; };
		180523101717003B00D64217 /* ButtonView.h */ = {isa = PBXFileReference; fileEncoding = 4; lastKnownFileType = sourcecode.c.h; path = ButtonView.h; sourceTree = "<group>"; };
		180523111717003B00D64217 /* ButtonView.m */ = {isa = PBXFileReference; fileEncoding = 4; lastKnownFileType = sourcecode.c.objc; path = ButtonView.m; sourceTree = "<group>"; };
		180523121717003B00D64217 /* CornerRadiusView.h */ = {isa = PBXFileReference; fileEncoding = 4; lastKnownFileType = sourcecode.c.h; path = CornerRadiusView.h; sourceTree = "<group>"; };
		180523131717003B00D64217 /* CornerRadiusView.m */ = {isa = PBXFileReference; fileEncoding = 4; lastKnownFileType = sourcecode.c.objc; path = CornerRadiusView.m; sourceTree = "<group>"; };
		180523161717003B00D64217 /* CustomTabBar.h */ = {isa = PBXFileReference; fileEncoding = 4; lastKnownFileType = sourcecode.c.h; path = CustomTabBar.h; sourceTree = "<group>"; };
		180523171717003B00D64217 /* CustomTabBar.m */ = {isa = PBXFileReference; fileEncoding = 4; lastKnownFileType = sourcecode.c.objc; path = CustomTabBar.m; sourceTree = "<group>"; };
		180523181717003B00D64217 /* ImageView.h */ = {isa = PBXFileReference; fileEncoding = 4; lastKnownFileType = sourcecode.c.h; path = ImageView.h; sourceTree = "<group>"; };
		180523191717003B00D64217 /* ImageView.m */ = {isa = PBXFileReference; fileEncoding = 4; lastKnownFileType = sourcecode.c.objc; path = ImageView.m; sourceTree = "<group>"; };
		1805231A1717003B00D64217 /* LableView.h */ = {isa = PBXFileReference; fileEncoding = 4; lastKnownFileType = sourcecode.c.h; path = LableView.h; sourceTree = "<group>"; };
		1805231B1717003B00D64217 /* LableView.m */ = {isa = PBXFileReference; fileEncoding = 4; lastKnownFileType = sourcecode.c.objc; path = LableView.m; sourceTree = "<group>"; };
		1805231C1717003B00D64217 /* LayerView.h */ = {isa = PBXFileReference; fileEncoding = 4; lastKnownFileType = sourcecode.c.h; path = LayerView.h; sourceTree = "<group>"; };
		1805231D1717003B00D64217 /* LayerView.m */ = {isa = PBXFileReference; fileEncoding = 4; lastKnownFileType = sourcecode.c.objc; path = LayerView.m; sourceTree = "<group>"; };
		1805231E1717003B00D64217 /* ScrollView.h */ = {isa = PBXFileReference; fileEncoding = 4; lastKnownFileType = sourcecode.c.h; path = ScrollView.h; sourceTree = "<group>"; };
		1805231F1717003B00D64217 /* ScrollView.m */ = {isa = PBXFileReference; fileEncoding = 4; lastKnownFileType = sourcecode.c.objc; path = ScrollView.m; sourceTree = "<group>"; };
		180523251717003B00D64217 /* DeviceDetection.h */ = {isa = PBXFileReference; fileEncoding = 4; lastKnownFileType = sourcecode.c.h; path = DeviceDetection.h; sourceTree = "<group>"; };
		180523261717003B00D64217 /* DeviceDetection.m */ = {isa = PBXFileReference; fileEncoding = 4; lastKnownFileType = sourcecode.c.objc; path = DeviceDetection.m; sourceTree = "<group>"; };
		180523271717003B00D64217 /* Global.h */ = {isa = PBXFileReference; fileEncoding = 4; lastKnownFileType = sourcecode.c.h; path = Global.h; sourceTree = "<group>"; };
		180523281717003B00D64217 /* Global.m */ = {isa = PBXFileReference; fileEncoding = 4; lastKnownFileType = sourcecode.c.objc; path = Global.m; sourceTree = "<group>"; };
		180523291717003B00D64217 /* UIDeviceHelp.h */ = {isa = PBXFileReference; fileEncoding = 4; lastKnownFileType = sourcecode.c.h; path = UIDeviceHelp.h; sourceTree = "<group>"; };
		1805232A1717003B00D64217 /* UIDeviceHelp.m */ = {isa = PBXFileReference; fileEncoding = 4; lastKnownFileType = sourcecode.c.objc; path = UIDeviceHelp.m; sourceTree = "<group>"; };
		1805232B1717003B00D64217 /* UIUtils.h */ = {isa = PBXFileReference; fileEncoding = 4; lastKnownFileType = sourcecode.c.h; path = UIUtils.h; sourceTree = "<group>"; };
		1805232C1717003B00D64217 /* UIUtils.m */ = {isa = PBXFileReference; fileEncoding = 4; lastKnownFileType = sourcecode.c.objc; path = UIUtils.m; sourceTree = "<group>"; };
		180523431717009C00D64217 /* IconDownloader.h */ = {isa = PBXFileReference; fileEncoding = 4; lastKnownFileType = sourcecode.c.h; path = IconDownloader.h; sourceTree = "<group>"; };
		180523441717009C00D64217 /* IconDownloader.m */ = {isa = PBXFileReference; fileEncoding = 4; lastKnownFileType = sourcecode.c.objc; path = IconDownloader.m; sourceTree = "<group>"; };
		180523451717009C00D64217 /* UploadData.h */ = {isa = PBXFileReference; fileEncoding = 4; lastKnownFileType = sourcecode.c.h; path = UploadData.h; sourceTree = "<group>"; };
		180523461717009C00D64217 /* UploadData.m */ = {isa = PBXFileReference; fileEncoding = 4; lastKnownFileType = sourcecode.c.objc; path = UploadData.m; sourceTree = "<group>"; };
		1805234A1717059700D64217 /* JSON.h */ = {isa = PBXFileReference; fileEncoding = 4; lastKnownFileType = sourcecode.c.h; path = JSON.h; sourceTree = "<group>"; };
		1805234B1717059700D64217 /* NSObject+SBJson.h */ = {isa = PBXFileReference; fileEncoding = 4; lastKnownFileType = sourcecode.c.h; path = "NSObject+SBJson.h"; sourceTree = "<group>"; };
		1805234C1717059700D64217 /* NSObject+SBJson.m */ = {isa = PBXFileReference; fileEncoding = 4; lastKnownFileType = sourcecode.c.objc; path = "NSObject+SBJson.m"; sourceTree = "<group>"; };
		1805234D1717059700D64217 /* SBJson.h */ = {isa = PBXFileReference; fileEncoding = 4; lastKnownFileType = sourcecode.c.h; path = SBJson.h; sourceTree = "<group>"; };
		1805234E1717059700D64217 /* SBJsonParser.h */ = {isa = PBXFileReference; fileEncoding = 4; lastKnownFileType = sourcecode.c.h; path = SBJsonParser.h; sourceTree = "<group>"; };
		1805234F1717059700D64217 /* SBJsonParser.m */ = {isa = PBXFileReference; fileEncoding = 4; lastKnownFileType = sourcecode.c.objc; path = SBJsonParser.m; sourceTree = "<group>"; };
		180523501717059700D64217 /* SBJsonStreamParser.h */ = {isa = PBXFileReference; fileEncoding = 4; lastKnownFileType = sourcecode.c.h; path = SBJsonStreamParser.h; sourceTree = "<group>"; };
		180523511717059700D64217 /* SBJsonStreamParser.m */ = {isa = PBXFileReference; fileEncoding = 4; lastKnownFileType = sourcecode.c.objc; path = SBJsonStreamParser.m; sourceTree = "<group>"; };
		180523521717059700D64217 /* SBJsonStreamParserAccumulator.h */ = {isa = PBXFileReference; fileEncoding = 4; lastKnownFileType = sourcecode.c.h; path = SBJsonStreamParserAccumulator.h; sourceTree = "<group>"; };
		180523531717059700D64217 /* SBJsonStreamParserAccumulator.m */ = {isa = PBXFileReference; fileEncoding = 4; lastKnownFileType = sourcecode.c.objc; path = SBJsonStreamParserAccumulator.m; sourceTree = "<group>"; };
		180523541717059700D64217 /* SBJsonStreamParserAdapter.h */ = {isa = PBXFileReference; fileEncoding = 4; lastKnownFileType = sourcecode.c.h; path = SBJsonStreamParserAdapter.h; sourceTree = "<group>"; };
		180523551717059700D64217 /* SBJsonStreamParserAdapter.m */ = {isa = PBXFileReference; fileEncoding = 4; lastKnownFileType = sourcecode.c.objc; path = SBJsonStreamParserAdapter.m; sourceTree = "<group>"; };
		180523561717059700D64217 /* SBJsonStreamParserState.h */ = {isa = PBXFileReference; fileEncoding = 4; lastKnownFileType = sourcecode.c.h; path = SBJsonStreamParserState.h; sourceTree = "<group>"; };
		180523571717059700D64217 /* SBJsonStreamParserState.m */ = {isa = PBXFileReference; fileEncoding = 4; lastKnownFileType = sourcecode.c.objc; path = SBJsonStreamParserState.m; sourceTree = "<group>"; };
		180523581717059700D64217 /* SBJsonStreamWriter.h */ = {isa = PBXFileReference; fileEncoding = 4; lastKnownFileType = sourcecode.c.h; path = SBJsonStreamWriter.h; sourceTree = "<group>"; };
		180523591717059700D64217 /* SBJsonStreamWriter.m */ = {isa = PBXFileReference; fileEncoding = 4; lastKnownFileType = sourcecode.c.objc; path = SBJsonStreamWriter.m; sourceTree = "<group>"; };
		1805235A1717059700D64217 /* SBJsonStreamWriterAccumulator.h */ = {isa = PBXFileReference; fileEncoding = 4; lastKnownFileType = sourcecode.c.h; path = SBJsonStreamWriterAccumulator.h; sourceTree = "<group>"; };
		1805235B1717059700D64217 /* SBJsonStreamWriterAccumulator.m */ = {isa = PBXFileReference; fileEncoding = 4; lastKnownFileType = sourcecode.c.objc; path = SBJsonStreamWriterAccumulator.m; sourceTree = "<group>"; };
		1805235C1717059700D64217 /* SBJsonStreamWriterState.h */ = {isa = PBXFileReference; fileEncoding = 4; lastKnownFileType = sourcecode.c.h; path = SBJsonStreamWriterState.h; sourceTree = "<group>"; };
		1805235D1717059700D64217 /* SBJsonStreamWriterState.m */ = {isa = PBXFileReference; fileEncoding = 4; lastKnownFileType = sourcecode.c.objc; path = SBJsonStreamWriterState.m; sourceTree = "<group>"; };
		1805235E1717059700D64217 /* SBJsonTokeniser.h */ = {isa = PBXFileReference; fileEncoding = 4; lastKnownFileType = sourcecode.c.h; path = SBJsonTokeniser.h; sourceTree = "<group>"; };
		1805235F1717059700D64217 /* SBJsonTokeniser.m */ = {isa = PBXFileReference; fileEncoding = 4; lastKnownFileType = sourcecode.c.objc; path = SBJsonTokeniser.m; sourceTree = "<group>"; };
		180523601717059700D64217 /* SBJsonUTF8Stream.h */ = {isa = PBXFileReference; fileEncoding = 4; lastKnownFileType = sourcecode.c.h; path = SBJsonUTF8Stream.h; sourceTree = "<group>"; };
		180523611717059700D64217 /* SBJsonUTF8Stream.m */ = {isa = PBXFileReference; fileEncoding = 4; lastKnownFileType = sourcecode.c.objc; path = SBJsonUTF8Stream.m; sourceTree = "<group>"; };
		180523621717059700D64217 /* SBJsonWriter.h */ = {isa = PBXFileReference; fileEncoding = 4; lastKnownFileType = sourcecode.c.h; path = SBJsonWriter.h; sourceTree = "<group>"; };
		180523631717059700D64217 /* SBJsonWriter.m */ = {isa = PBXFileReference; fileEncoding = 4; lastKnownFileType = sourcecode.c.objc; path = SBJsonWriter.m; sourceTree = "<group>"; };
		180523701717065B00D64217 /* CFNetwork.framework */ = {isa = PBXFileReference; lastKnownFileType = wrapper.framework; name = CFNetwork.framework; path = System/Library/Frameworks/CFNetwork.framework; sourceTree = SDKROOT; };
		180523721717067C00D64217 /* MessageUI.framework */ = {isa = PBXFileReference; lastKnownFileType = wrapper.framework; name = MessageUI.framework; path = System/Library/Frameworks/MessageUI.framework; sourceTree = SDKROOT; };
		180523741717069900D64217 /* SystemConfiguration.framework */ = {isa = PBXFileReference; lastKnownFileType = wrapper.framework; name = SystemConfiguration.framework; path = System/Library/Frameworks/SystemConfiguration.framework; sourceTree = SDKROOT; };
		18052376171706E200D64217 /* libz.1.1.3.dylib */ = {isa = PBXFileReference; lastKnownFileType = "compiled.mach-o.dylib"; name = libz.1.1.3.dylib; path = usr/lib/libz.1.1.3.dylib; sourceTree = SDKROOT; };
		1805237817170FAB00D64217 /* ZhwxTableView.h */ = {isa = PBXFileReference; fileEncoding = 4; lastKnownFileType = sourcecode.c.h; path = ZhwxTableView.h; sourceTree = "<group>"; };
		1805237917170FAB00D64217 /* ZhwxTableView.m */ = {isa = PBXFileReference; fileEncoding = 4; lastKnownFileType = sourcecode.c.objc; path = ZhwxTableView.m; sourceTree = "<group>"; };
		181162FE1708622E00CD07B1 /* QuartzCore.framework */ = {isa = PBXFileReference; lastKnownFileType = wrapper.framework; name = QuartzCore.framework; path = System/Library/Frameworks/QuartzCore.framework; sourceTree = SDKROOT; };
		1893E730170711A300E52CCC /* LingPinWang.app */ = {isa = PBXFileReference; explicitFileType = wrapper.application; includeInIndex = 0; path = LingPinWang.app; sourceTree = BUILT_PRODUCTS_DIR; };
		1893E733170711A300E52CCC /* UIKit.framework */ = {isa = PBXFileReference; lastKnownFileType = wrapper.framework; name = UIKit.framework; path = System/Library/Frameworks/UIKit.framework; sourceTree = SDKROOT; };
		1893E735170711A300E52CCC /* Foundation.framework */ = {isa = PBXFileReference; lastKnownFileType = wrapper.framework; name = Foundation.framework; path = System/Library/Frameworks/Foundation.framework; sourceTree = SDKROOT; };
		1893E737170711A300E52CCC /* CoreGraphics.framework */ = {isa = PBXFileReference; lastKnownFileType = wrapper.framework; name = CoreGraphics.framework; path = System/Library/Frameworks/CoreGraphics.framework; sourceTree = SDKROOT; };
		1893E73B170711A300E52CCC /* LingPinWang-Info.plist */ = {isa = PBXFileReference; lastKnownFileType = text.plist.xml; path = "LingPinWang-Info.plist"; sourceTree = "<group>"; };
		1893E73D170711A300E52CCC /* en */ = {isa = PBXFileReference; lastKnownFileType = text.plist.strings; name = en; path = en.lproj/InfoPlist.strings; sourceTree = "<group>"; };
		1893E73F170711A300E52CCC /* main.m */ = {isa = PBXFileReference; lastKnownFileType = sourcecode.c.objc; path = main.m; sourceTree = "<group>"; };
		1893E741170711A300E52CCC /* LingPinWang-Prefix.pch */ = {isa = PBXFileReference; lastKnownFileType = sourcecode.c.h; path = "LingPinWang-Prefix.pch"; sourceTree = "<group>"; };
		1893E742170711A300E52CCC /* AppDelegate.h */ = {isa = PBXFileReference; lastKnownFileType = sourcecode.c.h; path = AppDelegate.h; sourceTree = "<group>"; };
		1893E743170711A300E52CCC /* AppDelegate.m */ = {isa = PBXFileReference; lastKnownFileType = sourcecode.c.objc; path = AppDelegate.m; sourceTree = "<group>"; };
		1893E74B170711A300E52CCC /* FirstViewController.h */ = {isa = PBXFileReference; lastKnownFileType = sourcecode.c.h; path = FirstViewController.h; sourceTree = "<group>"; };
		1893E74C170711A300E52CCC /* FirstViewController.m */ = {isa = PBXFileReference; lastKnownFileType = sourcecode.c.objc; path = FirstViewController.m; sourceTree = "<group>"; };
		1893E752170711A300E52CCC /* SecondViewController.h */ = {isa = PBXFileReference; lastKnownFileType = sourcecode.c.h; path = SecondViewController.h; sourceTree = "<group>"; };
		1893E753170711A300E52CCC /* SecondViewController.m */ = {isa = PBXFileReference; lastKnownFileType = sourcecode.c.objc; path = SecondViewController.m; sourceTree = "<group>"; };
		1893E75A170711A300E52CCC /* en */ = {isa = PBXFileReference; lastKnownFileType = file.xib; name = en; path = en.lproj/FirstViewController.xib; sourceTree = "<group>"; };
		1893E75D170711A300E52CCC /* en */ = {isa = PBXFileReference; lastKnownFileType = file.xib; name = en; path = en.lproj/SecondViewController.xib; sourceTree = "<group>"; };
		1893E76917071CD200E52CCC /* LiPinViewController.h */ = {isa = PBXFileReference; fileEncoding = 4; lastKnownFileType = sourcecode.c.h; path = LiPinViewController.h; sourceTree = "<group>"; };
		1893E76A17071CD200E52CCC /* LiPinViewController.m */ = {isa = PBXFileReference; fileEncoding = 4; lastKnownFileType = sourcecode.c.objc; path = LiPinViewController.m; sourceTree = "<group>"; };
		1893E76B17071CD200E52CCC /* LiPinViewController.xib */ = {isa = PBXFileReference; fileEncoding = 4; lastKnownFileType = file.xib; path = LiPinViewController.xib; sourceTree = "<group>"; };
		1893E76E17071D0D00E52CCC /* QinDaoViewController.h */ = {isa = PBXFileReference; fileEncoding = 4; lastKnownFileType = sourcecode.c.h; path = QinDaoViewController.h; sourceTree = "<group>"; };
		1893E76F17071D0D00E52CCC /* QinDaoViewController.m */ = {isa = PBXFileReference; fileEncoding = 4; lastKnownFileType = sourcecode.c.objc; path = QinDaoViewController.m; sourceTree = "<group>"; };
		1893E77017071D0D00E52CCC /* QinDaoViewController.xib */ = {isa = PBXFileReference; fileEncoding = 4; lastKnownFileType = file.xib; path = QinDaoViewController.xib; sourceTree = "<group>"; };
		1893E77317071D2200E52CCC /* ShangJiaViewController.h */ = {isa = PBXFileReference; fileEncoding = 4; lastKnownFileType = sourcecode.c.h; path = ShangJiaViewController.h; sourceTree = "<group>"; };
		1893E77417071D2200E52CCC /* ShangJiaViewController.m */ = {isa = PBXFileReference; fileEncoding = 4; lastKnownFileType = sourcecode.c.objc; path = ShangJiaViewController.m; sourceTree = "<group>"; };
		1893E77517071D2200E52CCC /* ShangJiaViewController.xib */ = {isa = PBXFileReference; fileEncoding = 4; lastKnownFileType = file.xib; path = ShangJiaViewController.xib; sourceTree = "<group>"; };
		1893E77817071D3B00E52CCC /* SheZhiViewController.h */ = {isa = PBXFileReference; fileEncoding = 4; lastKnownFileType = sourcecode.c.h; path = SheZhiViewController.h; sourceTree = "<group>"; };
		1893E77917071D3B00E52CCC /* SheZhiViewController.m */ = {isa = PBXFileReference; fileEncoding = 4; lastKnownFileType = sourcecode.c.objc; path = SheZhiViewController.m; sourceTree = "<group>"; };
		1893E77A17071D3B00E52CCC /* SheZhiViewController.xib */ = {isa = PBXFileReference; fileEncoding = 4; lastKnownFileType = file.xib; path = SheZhiViewController.xib; sourceTree = "<group>"; };
		1893E77F17071FE800E52CCC /* first.png */ = {isa = PBXFileReference; lastKnownFileType = image.png; path = first.png; sourceTree = "<group>"; };
		1893E78017071FE800E52CCC /* first@2x.png */ = {isa = PBXFileReference; lastKnownFileType = image.png; path = "first@2x.png"; sourceTree = "<group>"; };
		1893E78117071FE800E52CCC /* four.png */ = {isa = PBXFileReference; lastKnownFileType = image.png; path = four.png; sourceTree = "<group>"; };
		1893E78217071FE800E52CCC /* four@2x.png */ = {isa = PBXFileReference; lastKnownFileType = image.png; path = "four@2x.png"; sourceTree = "<group>"; };
		1893E78317071FE800E52CCC /* second.png */ = {isa = PBXFileReference; lastKnownFileType = image.png; path = second.png; sourceTree = "<group>"; };
		1893E78417071FE800E52CCC /* second@2x.png */ = {isa = PBXFileReference; lastKnownFileType = image.png; path = "second@2x.png"; sourceTree = "<group>"; };
		1893E78517071FE800E52CCC /* third.png */ = {isa = PBXFileReference; lastKnownFileType = image.png; path = third.png; sourceTree = "<group>"; };
		1893E78617071FE800E52CCC /* third@2x.png */ = {isa = PBXFileReference; lastKnownFileType = image.png; path = "third@2x.png"; sourceTree = "<group>"; };
		1893E7911707225F00E52CCC /* LoginViewController.h */ = {isa = PBXFileReference; fileEncoding = 4; lastKnownFileType = sourcecode.c.h; path = LoginViewController.h; sourceTree = "<group>"; };
		1893E7921707225F00E52CCC /* LoginViewController.m */ = {isa = PBXFileReference; fileEncoding = 4; lastKnownFileType = sourcecode.c.objc; path = LoginViewController.m; sourceTree = "<group>"; };
		1893E7931707225F00E52CCC /* LoginViewController.xib */ = {isa = PBXFileReference; fileEncoding = 4; lastKnownFileType = file.xib; path = LoginViewController.xib; sourceTree = "<group>"; };
/* End PBXFileReference section */

/* Begin PBXFrameworksBuildPhase section */
		1893E72D170711A200E52CCC /* Frameworks */ = {
			isa = PBXFrameworksBuildPhase;
			buildActionMask = 2147483647;
			files = (
				18052377171706E200D64217 /* libz.1.1.3.dylib in Frameworks */,
				180523751717069900D64217 /* SystemConfiguration.framework in Frameworks */,
				180523731717067C00D64217 /* MessageUI.framework in Frameworks */,
				180523711717065C00D64217 /* CFNetwork.framework in Frameworks */,
				181162FF1708622E00CD07B1 /* QuartzCore.framework in Frameworks */,
				1893E734170711A300E52CCC /* UIKit.framework in Frameworks */,
				1893E736170711A300E52CCC /* Foundation.framework in Frameworks */,
				1893E738170711A300E52CCC /* CoreGraphics.framework in Frameworks */,
			);
			runOnlyForDeploymentPostprocessing = 0;
		};
/* End PBXFrameworksBuildPhase section */

/* Begin PBXGroup section */
		180522C01716E79700D64217 /* 公共类 */ = {
			isa = PBXGroup;
			children = (
				180522C71716EE3900D64217 /* ZhwxBaseViewController.h */,
				180522C81716EE3900D64217 /* ZhwxBaseViewController.m */,
				180522CA1716EE5C00D64217 /* ZhwxBaseNavCotroller.h */,
				180522CB1716EE5C00D64217 /* ZhwxBaseNavCotroller.m */,
				1805237817170FAB00D64217 /* ZhwxTableView.h */,
				1805237917170FAB00D64217 /* ZhwxTableView.m */,
			);
			path = "公共类";
			sourceTree = SOURCE_ROOT;
		};
		180522CD1716F3E800D64217 /* 开源控件 */ = {
			isa = PBXGroup;
			children = (
				180523491717059500D64217 /* SBJson */,
				180523421717009C00D64217 /* Other */,
				180523011717003B00D64217 /* CustomViews */,
				180523221717003B00D64217 /* Glboal */,
				180522E01716FE8000D64217 /* curledView */,
				180522E71716FE8000D64217 /* httpnet */,
				180522CE1716F3E800D64217 /* LoadMoreDataView */,
				180522D11716F3E800D64217 /* RefreshTableHeaderView */,
			);
			path = "开源控件";
			sourceTree = SOURCE_ROOT;
		};
		180522CE1716F3E800D64217 /* LoadMoreDataView */ = {
			isa = PBXGroup;
			children = (
				180522D61716F4EE00D64217 /* blueArrow.png */,
				180522D71716F4EE00D64217 /* blueArrow@2x.png */,
				180522CF1716F3E800D64217 /* EGORefreshTableFootView.h */,
				180522D01716F3E800D64217 /* EGORefreshTableFootView.m */,
			);
			path = LoadMoreDataView;
			sourceTree = "<group>";
		};
		180522D11716F3E800D64217 /* RefreshTableHeaderView */ = {
			isa = PBXGroup;
			children = (
				180522D21716F3E800D64217 /* EGORefreshTableHeaderView.h */,
				180522D31716F3E800D64217 /* EGORefreshTableHeaderView.m */,
			);
			path = RefreshTableHeaderView;
			sourceTree = "<group>";
		};
		180522E01716FE8000D64217 /* curledView */ = {
			isa = PBXGroup;
			children = (
				180522E11716FE8000D64217 /* CurledViewBase.h */,
				180522E21716FE8000D64217 /* CurledViewBase.m */,
				180522E31716FE8000D64217 /* UIButton+Curled.h */,
				180522E41716FE8000D64217 /* UIButton+Curled.m */,
				180522E51716FE8000D64217 /* UIImageView+Curled.h */,
				180522E61716FE8000D64217 /* UIImageView+Curled.m */,
			);
			path = curledView;
			sourceTree = "<group>";
		};
		180522E71716FE8000D64217 /* httpnet */ = {
			isa = PBXGroup;
			children = (
				180522E81716FE8000D64217 /* ASIAuthenticationDialog.h */,
				180522E91716FE8000D64217 /* ASIAuthenticationDialog.m */,
				180522EA1716FE8000D64217 /* ASIFormDataRequest.h */,
				180522EB1716FE8000D64217 /* ASIFormDataRequest.m */,
				180522EC1716FE8000D64217 /* ASIHTTPRequest.h */,
				180522ED1716FE8000D64217 /* ASIHTTPRequest.m */,
				180522EE1716FE8000D64217 /* ASIHTTPRequestConfig.h */,
				180522EF1716FE8000D64217 /* ASIInputStream.h */,
				180522F01716FE8000D64217 /* ASIInputStream.m */,
				180522F11716FE8000D64217 /* ASINetworkQueue.h */,
				180522F21716FE8000D64217 /* ASINetworkQueue.m */,
				180522F31716FE8000D64217 /* ASINSStringAdditions.h */,
				180522F41716FE8000D64217 /* ASINSStringAdditions.m */,
				180522F51716FE8000D64217 /* Reachability.h */,
				180522F61716FE8000D64217 /* Reachability.m */,
			);
			path = httpnet;
			sourceTree = "<group>";
		};
		180523011717003B00D64217 /* CustomViews */ = {
			isa = PBXGroup;
			children = (
				180523061717003B00D64217 /* BaseLayer.h */,
				180523071717003B00D64217 /* BaseLayer.m */,
				1805230C1717003B00D64217 /* BaseView.h */,
				1805230D1717003B00D64217 /* BaseView.m */,
				1805230E1717003B00D64217 /* BubbleView.h */,
				1805230F1717003B00D64217 /* BubbleView.m */,
				180523101717003B00D64217 /* ButtonView.h */,
				180523111717003B00D64217 /* ButtonView.m */,
				180523121717003B00D64217 /* CornerRadiusView.h */,
				180523131717003B00D64217 /* CornerRadiusView.m */,
				180523161717003B00D64217 /* CustomTabBar.h */,
				180523171717003B00D64217 /* CustomTabBar.m */,
				180523181717003B00D64217 /* ImageView.h */,
				180523191717003B00D64217 /* ImageView.m */,
				1805231A1717003B00D64217 /* LableView.h */,
				1805231B1717003B00D64217 /* LableView.m */,
				1805231C1717003B00D64217 /* LayerView.h */,
				1805231D1717003B00D64217 /* LayerView.m */,
				1805231E1717003B00D64217 /* ScrollView.h */,
				1805231F1717003B00D64217 /* ScrollView.m */,
			);
			path = CustomViews;
			sourceTree = "<group>";
		};
		180523221717003B00D64217 /* Glboal */ = {
			isa = PBXGroup;
			children = (
				180523251717003B00D64217 /* DeviceDetection.h */,
				180523261717003B00D64217 /* DeviceDetection.m */,
				180523271717003B00D64217 /* Global.h */,
				180523281717003B00D64217 /* Global.m */,
				180523291717003B00D64217 /* UIDeviceHelp.h */,
				1805232A1717003B00D64217 /* UIDeviceHelp.m */,
				1805232B1717003B00D64217 /* UIUtils.h */,
				1805232C1717003B00D64217 /* UIUtils.m */,
			);
			path = Glboal;
			sourceTree = "<group>";
		};
		180523421717009C00D64217 /* Other */ = {
			isa = PBXGroup;
			children = (
				180523431717009C00D64217 /* IconDownloader.h */,
				180523441717009C00D64217 /* IconDownloader.m */,
				180523451717009C00D64217 /* UploadData.h */,
				180523461717009C00D64217 /* UploadData.m */,
			);
			path = Other;
			sourceTree = "<group>";
		};
		180523491717059500D64217 /* SBJson */ = {
			isa = PBXGroup;
			children = (
				1805234A1717059700D64217 /* JSON.h */,
				1805234B1717059700D64217 /* NSObject+SBJson.h */,
				1805234C1717059700D64217 /* NSObject+SBJson.m */,
				1805234D1717059700D64217 /* SBJson.h */,
				1805234E1717059700D64217 /* SBJsonParser.h */,
				1805234F1717059700D64217 /* SBJsonParser.m */,
				180523501717059700D64217 /* SBJsonStreamParser.h */,
				180523511717059700D64217 /* SBJsonStreamParser.m */,
				180523521717059700D64217 /* SBJsonStreamParserAccumulator.h */,
				180523531717059700D64217 /* SBJsonStreamParserAccumulator.m */,
				180523541717059700D64217 /* SBJsonStreamParserAdapter.h */,
				180523551717059700D64217 /* SBJsonStreamParserAdapter.m */,
				180523561717059700D64217 /* SBJsonStreamParserState.h */,
				180523571717059700D64217 /* SBJsonStreamParserState.m */,
				180523581717059700D64217 /* SBJsonStreamWriter.h */,
				180523591717059700D64217 /* SBJsonStreamWriter.m */,
				1805235A1717059700D64217 /* SBJsonStreamWriterAccumulator.h */,
				1805235B1717059700D64217 /* SBJsonStreamWriterAccumulator.m */,
				1805235C1717059700D64217 /* SBJsonStreamWriterState.h */,
				1805235D1717059700D64217 /* SBJsonStreamWriterState.m */,
				1805235E1717059700D64217 /* SBJsonTokeniser.h */,
				1805235F1717059700D64217 /* SBJsonTokeniser.m */,
				180523601717059700D64217 /* SBJsonUTF8Stream.h */,
				180523611717059700D64217 /* SBJsonUTF8Stream.m */,
				180523621717059700D64217 /* SBJsonWriter.h */,
				180523631717059700D64217 /* SBJsonWriter.m */,
			);
			path = SBJson;
			sourceTree = "<group>";
		};
		1893E727170711A200E52CCC = {
			isa = PBXGroup;
			children = (
				1893E739170711A300E52CCC /* LingPinWang */,
				1893E732170711A300E52CCC /* Frameworks */,
				1893E731170711A300E52CCC /* Products */,
			);
			sourceTree = "<group>";
		};
		1893E731170711A300E52CCC /* Products */ = {
			isa = PBXGroup;
			children = (
				1893E730170711A300E52CCC /* LingPinWang.app */,
			);
			name = Products;
			sourceTree = "<group>";
		};
		1893E732170711A300E52CCC /* Frameworks */ = {
			isa = PBXGroup;
			children = (
				18052376171706E200D64217 /* libz.1.1.3.dylib */,
				180523741717069900D64217 /* SystemConfiguration.framework */,
				180523721717067C00D64217 /* MessageUI.framework */,
				180523701717065B00D64217 /* CFNetwork.framework */,
				181162FE1708622E00CD07B1 /* QuartzCore.framework */,
				1893E733170711A300E52CCC /* UIKit.framework */,
				1893E735170711A300E52CCC /* Foundation.framework */,
				1893E737170711A300E52CCC /* CoreGraphics.framework */,
			);
			name = Frameworks;
			sourceTree = "<group>";
		};
		1893E739170711A300E52CCC /* LingPinWang */ = {
			isa = PBXGroup;
			children = (
				180522CD1716F3E800D64217 /* 开源控件 */,
				180522C01716E79700D64217 /* 公共类 */,
				1893E7901707221C00E52CCC /* 登录 */,
				1893E76517071CA900E52CCC /* 礼品 */,
				1893E76617071CA900E52CCC /* 签到 */,
				1893E76717071CA900E52CCC /* 商家 */,
				1893E76817071CA900E52CCC /* 设置 */,
				1893E742170711A300E52CCC /* AppDelegate.h */,
				1893E743170711A300E52CCC /* AppDelegate.m */,
				1893E74B170711A300E52CCC /* FirstViewController.h */,
				1893E74C170711A300E52CCC /* FirstViewController.m */,
				1893E752170711A300E52CCC /* SecondViewController.h */,
				1893E753170711A300E52CCC /* SecondViewController.m */,
				1893E759170711A300E52CCC /* FirstViewController.xib */,
				1893E75C170711A300E52CCC /* SecondViewController.xib */,
				1893E73A170711A300E52CCC /* Supporting Files */,
			);
			path = LingPinWang;
			sourceTree = "<group>";
		};
		1893E73A170711A300E52CCC /* Supporting Files */ = {
			isa = PBXGroup;
			children = (
				1893E77D17071FE800E52CCC /* image */,
				1893E73B170711A300E52CCC /* LingPinWang-Info.plist */,
				1893E73C170711A300E52CCC /* InfoPlist.strings */,
				1893E73F170711A300E52CCC /* main.m */,
				1893E741170711A300E52CCC /* LingPinWang-Prefix.pch */,
			);
			name = "Supporting Files";
			sourceTree = "<group>";
		};
		1893E76517071CA900E52CCC /* 礼品 */ = {
			isa = PBXGroup;
			children = (
				1893E76917071CD200E52CCC /* LiPinViewController.h */,
				1893E76A17071CD200E52CCC /* LiPinViewController.m */,
				1893E76B17071CD200E52CCC /* LiPinViewController.xib */,
			);
			path = "礼品";
			sourceTree = SOURCE_ROOT;
		};
		1893E76617071CA900E52CCC /* 签到 */ = {
			isa = PBXGroup;
			children = (
				1893E76E17071D0D00E52CCC /* QinDaoViewController.h */,
				1893E76F17071D0D00E52CCC /* QinDaoViewController.m */,
				1893E77017071D0D00E52CCC /* QinDaoViewController.xib */,
			);
			path = "签到";
			sourceTree = SOURCE_ROOT;
		};
		1893E76717071CA900E52CCC /* 商家 */ = {
			isa = PBXGroup;
			children = (
				1893E77317071D2200E52CCC /* ShangJiaViewController.h */,
				1893E77417071D2200E52CCC /* ShangJiaViewController.m */,
				1893E77517071D2200E52CCC /* ShangJiaViewController.xib */,
			);
			path = "商家";
			sourceTree = SOURCE_ROOT;
		};
		1893E76817071CA900E52CCC /* 设置 */ = {
			isa = PBXGroup;
			children = (
				1893E77817071D3B00E52CCC /* SheZhiViewController.h */,
				1893E77917071D3B00E52CCC /* SheZhiViewController.m */,
				1893E77A17071D3B00E52CCC /* SheZhiViewController.xib */,
			);
			path = "设置";
			sourceTree = SOURCE_ROOT;
		};
		1893E77D17071FE800E52CCC /* image */ = {
			isa = PBXGroup;
			children = (
				1893E77E17071FE800E52CCC /* tabbarimage */,
				1893E78717071FE800E52CCC /* uiimage */,
			);
			path = image;
			sourceTree = "<group>";
		};
		1893E77E17071FE800E52CCC /* tabbarimage */ = {
			isa = PBXGroup;
			children = (
				1893E77F17071FE800E52CCC /* first.png */,
				1893E78017071FE800E52CCC /* first@2x.png */,
				1893E78117071FE800E52CCC /* four.png */,
				1893E78217071FE800E52CCC /* four@2x.png */,
				1893E78317071FE800E52CCC /* second.png */,
				1893E78417071FE800E52CCC /* second@2x.png */,
				1893E78517071FE800E52CCC /* third.png */,
				1893E78617071FE800E52CCC /* third@2x.png */,
			);
			path = tabbarimage;
			sourceTree = "<group>";
		};
		1893E78717071FE800E52CCC /* uiimage */ = {
			isa = PBXGroup;
			children = (
				180522DA1716F9B600D64217 /* Default-568h@2x.png */,
				180522DB1716F9B600D64217 /* Default.png */,
				180522DC1716F9B600D64217 /* Default@2x.png */,
			);
			path = uiimage;
			sourceTree = "<group>";
		};
		1893E7901707221C00E52CCC /* 登录 */ = {
			isa = PBXGroup;
			children = (
				1893E7911707225F00E52CCC /* LoginViewController.h */,
				1893E7921707225F00E52CCC /* LoginViewController.m */,
				1893E7931707225F00E52CCC /* LoginViewController.xib */,
			);
			path = "登录";
			sourceTree = SOURCE_ROOT;
		};
/* End PBXGroup section */

/* Begin PBXNativeTarget section */
		1893E72F170711A200E52CCC /* LingPinWang */ = {
			isa = PBXNativeTarget;
			buildConfigurationList = 1893E761170711A300E52CCC /* Build configuration list for PBXNativeTarget "LingPinWang" */;
			buildPhases = (
				1893E72C170711A200E52CCC /* Sources */,
				1893E72D170711A200E52CCC /* Frameworks */,
				1893E72E170711A200E52CCC /* Resources */,
			);
			buildRules = (
			);
			dependencies = (
			);
			name = LingPinWang;
			productName = LingPinWang;
			productReference = 1893E730170711A300E52CCC /* LingPinWang.app */;
			productType = "com.apple.product-type.application";
		};
/* End PBXNativeTarget section */

/* Begin PBXProject section */
		1893E728170711A200E52CCC /* Project object */ = {
			isa = PBXProject;
			attributes = {
				LastUpgradeCheck = 0460;
				ORGANIZATIONNAME = "领品网";
			};
			buildConfigurationList = 1893E72B170711A200E52CCC /* Build configuration list for PBXProject "LingPinWang" */;
			compatibilityVersion = "Xcode 3.2";
			developmentRegion = English;
			hasScannedForEncodings = 0;
			knownRegions = (
				en,
			);
			mainGroup = 1893E727170711A200E52CCC;
			productRefGroup = 1893E731170711A300E52CCC /* Products */;
			projectDirPath = "";
			projectRoot = "";
			targets = (
				1893E72F170711A200E52CCC /* LingPinWang */,
			);
		};
/* End PBXProject section */

/* Begin PBXResourcesBuildPhase section */
		1893E72E170711A200E52CCC /* Resources */ = {
			isa = PBXResourcesBuildPhase;
			buildActionMask = 2147483647;
			files = (
				1893E73E170711A300E52CCC /* InfoPlist.strings in Resources */,
				1893E75B170711A300E52CCC /* FirstViewController.xib in Resources */,
				1893E75E170711A300E52CCC /* SecondViewController.xib in Resources */,
				1893E76D17071CD200E52CCC /* LiPinViewController.xib in Resources */,
				1893E77217071D0D00E52CCC /* QinDaoViewController.xib in Resources */,
				1893E77717071D2200E52CCC /* ShangJiaViewController.xib in Resources */,
				1893E77C17071D3B00E52CCC /* SheZhiViewController.xib in Resources */,
				1893E78817071FE800E52CCC /* first.png in Resources */,
				1893E78917071FE800E52CCC /* first@2x.png in Resources */,
				1893E78A17071FE800E52CCC /* four.png in Resources */,
				1893E78B17071FE800E52CCC /* four@2x.png in Resources */,
				1893E78C17071FE800E52CCC /* second.png in Resources */,
				1893E78D17071FE800E52CCC /* second@2x.png in Resources */,
				1893E78E17071FE800E52CCC /* third.png in Resources */,
				1893E78F17071FE800E52CCC /* third@2x.png in Resources */,
				1893E7951707225F00E52CCC /* LoginViewController.xib in Resources */,
				180522D81716F4EE00D64217 /* blueArrow.png in Resources */,
				180522D91716F4EE00D64217 /* blueArrow@2x.png in Resources */,
				180522DD1716F9B600D64217 /* Default-568h@2x.png in Resources */,
				180522DE1716F9B600D64217 /* Default.png in Resources */,
				180522DF1716F9B600D64217 /* Default@2x.png in Resources */,
			);
			runOnlyForDeploymentPostprocessing = 0;
		};
/* End PBXResourcesBuildPhase section */

/* Begin PBXSourcesBuildPhase section */
		1893E72C170711A200E52CCC /* Sources */ = {
			isa = PBXSourcesBuildPhase;
			buildActionMask = 2147483647;
			files = (
				1893E740170711A300E52CCC /* main.m in Sources */,
				1893E744170711A300E52CCC /* AppDelegate.m in Sources */,
				1893E74D170711A300E52CCC /* FirstViewController.m in Sources */,
				1893E754170711A300E52CCC /* SecondViewController.m in Sources */,
				1893E76C17071CD200E52CCC /* LiPinViewController.m in Sources */,
				1893E77117071D0D00E52CCC /* QinDaoViewController.m in Sources */,
				1893E77617071D2200E52CCC /* ShangJiaViewController.m in Sources */,
				1893E77B17071D3B00E52CCC /* SheZhiViewController.m in Sources */,
				1893E7941707225F00E52CCC /* LoginViewController.m in Sources */,
				180522C91716EE3900D64217 /* ZhwxBaseViewController.m in Sources */,
				180522CC1716EE5C00D64217 /* ZhwxBaseNavCotroller.m in Sources */,
				180522D41716F3E800D64217 /* EGORefreshTableFootView.m in Sources */,
				180522D51716F3E800D64217 /* EGORefreshTableHeaderView.m in Sources */,
				180522F71716FE8000D64217 /* CurledViewBase.m in Sources */,
				180522F81716FE8000D64217 /* UIButton+Curled.m in Sources */,
				180522F91716FE8000D64217 /* UIImageView+Curled.m in Sources */,
				180522FA1716FE8000D64217 /* ASIAuthenticationDialog.m in Sources */,
				180522FB1716FE8000D64217 /* ASIFormDataRequest.m in Sources */,
				180522FC1716FE8000D64217 /* ASIHTTPRequest.m in Sources */,
				180522FD1716FE8000D64217 /* ASIInputStream.m in Sources */,
				180522FE1716FE8000D64217 /* ASINetworkQueue.m in Sources */,
				180522FF1716FE8000D64217 /* ASINSStringAdditions.m in Sources */,
				180523001716FE8000D64217 /* Reachability.m in Sources */,
				1805232F1717003B00D64217 /* BaseLayer.m in Sources */,
				180523321717003B00D64217 /* BaseView.m in Sources */,
				180523331717003B00D64217 /* BubbleView.m in Sources */,
				180523341717003B00D64217 /* ButtonView.m in Sources */,
				180523351717003B00D64217 /* CornerRadiusView.m in Sources */,
				180523371717003B00D64217 /* CustomTabBar.m in Sources */,
				180523381717003B00D64217 /* ImageView.m in Sources */,
				180523391717003B00D64217 /* LableView.m in Sources */,
				1805233A1717003B00D64217 /* LayerView.m in Sources */,
				1805233B1717003B00D64217 /* ScrollView.m in Sources */,
				1805233E1717003B00D64217 /* DeviceDetection.m in Sources */,
				1805233F1717003B00D64217 /* Global.m in Sources */,
				180523401717003B00D64217 /* UIDeviceHelp.m in Sources */,
				180523411717003B00D64217 /* UIUtils.m in Sources */,
				180523471717009C00D64217 /* IconDownloader.m in Sources */,
				180523481717009C00D64217 /* UploadData.m in Sources */,
				180523641717059700D64217 /* NSObject+SBJson.m in Sources */,
				180523651717059700D64217 /* SBJsonParser.m in Sources */,
				180523661717059700D64217 /* SBJsonStreamParser.m in Sources */,
				180523671717059700D64217 /* SBJsonStreamParserAccumulator.m in Sources */,
				180523681717059700D64217 /* SBJsonStreamParserAdapter.m in Sources */,
				180523691717059700D64217 /* SBJsonStreamParserState.m in Sources */,
				1805236A1717059700D64217 /* SBJsonStreamWriter.m in Sources */,
				1805236B1717059700D64217 /* SBJsonStreamWriterAccumulator.m in Sources */,
				1805236C1717059700D64217 /* SBJsonStreamWriterState.m in Sources */,
				1805236D1717059700D64217 /* SBJsonTokeniser.m in Sources */,
				1805236E1717059700D64217 /* SBJsonUTF8Stream.m in Sources */,
				1805236F1717059700D64217 /* SBJsonWriter.m in Sources */,
				1805237A17170FAB00D64217 /* ZhwxTableView.m in Sources */,
			);
			runOnlyForDeploymentPostprocessing = 0;
		};
/* End PBXSourcesBuildPhase section */

/* Begin PBXVariantGroup section */
		1893E73C170711A300E52CCC /* InfoPlist.strings */ = {
			isa = PBXVariantGroup;
			children = (
				1893E73D170711A300E52CCC /* en */,
			);
			name = InfoPlist.strings;
			sourceTree = "<group>";
		};
		1893E759170711A300E52CCC /* FirstViewController.xib */ = {
			isa = PBXVariantGroup;
			children = (
				1893E75A170711A300E52CCC /* en */,
			);
			name = FirstViewController.xib;
			sourceTree = "<group>";
		};
		1893E75C170711A300E52CCC /* SecondViewController.xib */ = {
			isa = PBXVariantGroup;
			children = (
				1893E75D170711A300E52CCC /* en */,
			);
			name = SecondViewController.xib;
			sourceTree = "<group>";
		};
/* End PBXVariantGroup section */

/* Begin XCBuildConfiguration section */
		1893E75F170711A300E52CCC /* Debug */ = {
			isa = XCBuildConfiguration;
			buildSettings = {
				ALWAYS_SEARCH_USER_PATHS = NO;
				CLANG_CXX_LANGUAGE_STANDARD = "gnu++0x";
				CLANG_CXX_LIBRARY = "libc++";
				CLANG_WARN_CONSTANT_CONVERSION = YES;
				CLANG_WARN_EMPTY_BODY = YES;
				CLANG_WARN_ENUM_CONVERSION = YES;
				CLANG_WARN_INT_CONVERSION = YES;
				CLANG_WARN__DUPLICATE_METHOD_MATCH = YES;
				"CODE_SIGN_IDENTITY[sdk=iphoneos*]" = "iPhone Developer";
				COPY_PHASE_STRIP = NO;
				GCC_C_LANGUAGE_STANDARD = gnu99;
				GCC_DYNAMIC_NO_PIC = NO;
				GCC_OPTIMIZATION_LEVEL = 0;
				GCC_PREPROCESSOR_DEFINITIONS = (
					"DEBUG=1",
					"$(inherited)",
				);
				GCC_SYMBOLS_PRIVATE_EXTERN = NO;
				GCC_WARN_ABOUT_RETURN_TYPE = YES;
				GCC_WARN_UNINITIALIZED_AUTOS = YES;
				GCC_WARN_UNUSED_VARIABLE = YES;
				IPHONEOS_DEPLOYMENT_TARGET = 6.1;
				ONLY_ACTIVE_ARCH = YES;
				SDKROOT = iphoneos;
			};
			name = Debug;
		};
		1893E760170711A300E52CCC /* Release */ = {
			isa = XCBuildConfiguration;
			buildSettings = {
				ALWAYS_SEARCH_USER_PATHS = NO;
				CLANG_CXX_LANGUAGE_STANDARD = "gnu++0x";
				CLANG_CXX_LIBRARY = "libc++";
				CLANG_WARN_CONSTANT_CONVERSION = YES;
				CLANG_WARN_EMPTY_BODY = YES;
				CLANG_WARN_ENUM_CONVERSION = YES;
				CLANG_WARN_INT_CONVERSION = YES;
				CLANG_WARN__DUPLICATE_METHOD_MATCH = YES;
				"CODE_SIGN_IDENTITY[sdk=iphoneos*]" = "iPhone Developer";
				COPY_PHASE_STRIP = YES;
				GCC_C_LANGUAGE_STANDARD = gnu99;
				GCC_WARN_ABOUT_RETURN_TYPE = YES;
				GCC_WARN_UNINITIALIZED_AUTOS = YES;
				GCC_WARN_UNUSED_VARIABLE = YES;
				IPHONEOS_DEPLOYMENT_TARGET = 6.1;
				OTHER_CFLAGS = "-DNS_BLOCK_ASSERTIONS=1";
				SDKROOT = iphoneos;
				VALIDATE_PRODUCT = YES;
			};
			name = Release;
		};
		1893E762170711A300E52CCC /* Debug */ = {
			isa = XCBuildConfiguration;
			buildSettings = {
				GCC_PRECOMPILE_PREFIX_HEADER = YES;
				GCC_PREFIX_HEADER = "LingPinWang/LingPinWang-Prefix.pch";
				INFOPLIST_FILE = "LingPinWang/LingPinWang-Info.plist";
				IPHONEOS_DEPLOYMENT_TARGET = 4.3;
				PRODUCT_NAME = "$(TARGET_NAME)";
				WRAPPER_EXTENSION = app;
			};
			name = Debug;
		};
		1893E763170711A300E52CCC /* Release */ = {
			isa = XCBuildConfiguration;
			buildSettings = {
				GCC_PRECOMPILE_PREFIX_HEADER = YES;
				GCC_PREFIX_HEADER = "LingPinWang/LingPinWang-Prefix.pch";
				INFOPLIST_FILE = "LingPinWang/LingPinWang-Info.plist";
				IPHONEOS_DEPLOYMENT_TARGET = 4.3;
				PRODUCT_NAME = "$(TARGET_NAME)";
				WRAPPER_EXTENSION = app;
			};
			name = Release;
		};
/* End XCBuildConfiguration section */

/* Begin XCConfigurationList section */
		1893E72B170711A200E52CCC /* Build configuration list for PBXProject "LingPinWang" */ = {
			isa = XCConfigurationList;
			buildConfigurations = (
				1893E75F170711A300E52CCC /* Debug */,
				1893E760170711A300E52CCC /* Release */,
			);
			defaultConfigurationIsVisible = 0;
			defaultConfigurationName = Release;
		};
		1893E761170711A300E52CCC /* Build configuration list for PBXNativeTarget "LingPinWang" */ = {
			isa = XCConfigurationList;
			buildConfigurations = (
				1893E762170711A300E52CCC /* Debug */,
				1893E763170711A300E52CCC /* Release */,
			);
			defaultConfigurationIsVisible = 0;
			defaultConfigurationName = Release;
		};
/* End XCConfigurationList section */
	};
	rootObject = 1893E728170711A200E52CCC /* Project object */;
}
